
Microsoft Visual Studio Solution File, Format Version 12.00
# Visual Studio 15
VisualStudioVersion = 15.0.28307.572
MinimumVisualStudioVersion = 10.0.40219.1
Project("{FAE04EC0-301F-11D3-BF4B-00C04F79EFBC}") = "MVC", "MVC\MVC.csproj", "{4379AA82-EC4E-4DB6-98C1-1A49658274CC}"
EndProject
Project("{FAE04EC0-301F-11D3-BF4B-00C04F79EFBC}") = "MVC.Winform", "MVC.Winform\MVC.Winform.csproj", "{9CC10633-97AD-4129-B4FE-F5090ECEE9DA}"
EndProject
Project("{FAE04EC0-301F-11D3-BF4B-00C04F79EFBC}") = "MVC.DataAccess", "MVC.DataAccess\MVC.DataAccess.csproj", "{D968BFCC-4B3E-41A0-8810-230A3F2BCCB3}"
EndProject
Global
	GlobalSection(SolutionConfigurationPlatforms) = preSolution
		Debug|Any CPU = Debug|Any CPU
		Release|Any CPU = Release|Any CPU
	EndGlobalSection
	GlobalSection(ProjectConfigurationPlatforms) = postSolution
		{4379AA82-EC4E-4DB6-98C1-1A49658274CC}.Debug|Any CPU.ActiveCfg = Debug|Any CPU
		{4379AA82-EC4E-4DB6-98C1-1A49658274CC}.Debug|Any CPU.Build.0 = Debug|Any CPU
		{4379AA82-EC4E-4DB6-98C1-1A49658274CC}.Release|Any CPU.ActiveCfg = Release|Any CPU
		{4379AA82-EC4E-4DB6-98C1-1A49658274CC}.Release|Any CPU.Build.0 = Release|Any CPU
		{9CC10633-97AD-4129-B4FE-F5090ECEE9DA}.Debug|Any CPU.ActiveCfg = Debug|Any CPU
		{9CC10633-97AD-4129-B4FE-F5090ECEE9DA}.Debug|Any CPU.Build.0 = Debug|Any CPU
		{9CC10633-97AD-4129-B4FE-F5090ECEE9DA}.Release|Any CPU.ActiveCfg = Release|Any CPU
		{9CC10633-97AD-4129-B4FE-F5090ECEE9DA}.Release|Any CPU.Build.0 = Release|Any CPU
		{D968BFCC-4B3E-41A0-8810-230A3F2BCCB3}.Debug|Any CPU.ActiveCfg = Debug|Any CPU
		{D968BFCC-4B3E-41A0-8810-230A3F2BCCB3}.Debug|Any CPU.Build.0 = Debug|Any CPU
		{D968BFCC-4B3E-41A0-8810-230A3F2BCCB3}.Release|Any CPU.ActiveCfg = Release|Any CPU
		{D968BFCC-4B3E-41A0-8810-230A3F2BCCB3}.Release|Any CPU.Build.0 = Release|Any CPU
	EndGlobalSection
	GlobalSection(SolutionProperties) = preSolution
		HideSolutionNode = FALSE
	EndGlobalSection
	GlobalSection(ExtensibilityGlobals) = postSolution
		SolutionGuid = {595A4846-03CD-4C48-8DBD-850033F4CB4B}
	EndGlobalSection
EndGlobal
